// !$*UTF8*$!
{
	archiveVersion = 1;
	classes = {
	};
	objectVersion = 77;
	objects = {

/* Begin PBXBuildFile section */
		0083EBB77B536E1DE1FE18F4 /* ResumeSyncService.swift in Sources */ = {isa = PBXBuildFile; fileRef = 9879B8DDA02940F4308D1450 /* ResumeSyncService.swift */; };
		04E8188EDFCF9B6EECF235AF /* DesignTokens.swift in Sources */ = {isa = PBXBuildFile; fileRef = 7C14601B07DFB62DBB010904 /* DesignTokens.swift */; };
		07F7651DC63A0C9A3A36A7CC /* ResumeCoachView.swift in Sources */ = {isa = PBXBuildFile; fileRef = 48478A45757A4B0F9FEF661A /* ResumeCoachView.swift */; };
		1F8E934C27111D0F1B6F45A0 /* CaptureView.swift in Sources */ = {isa = PBXBuildFile; fileRef = 415B6B13D3E267576D2BA7D3 /* CaptureView.swift */; };
		3AEB27EEADDBFB590D061D19 /* AuthView.swift in Sources */ = {isa = PBXBuildFile; fileRef = 3204EADFED770E806F1699AB /* AuthView.swift */; };
		3DBF2FB235AF9393DBB90259 /* TodayView.swift in Sources */ = {isa = PBXBuildFile; fileRef = D260E8FD749C9FE63AC7B13E /* TodayView.swift */; };
		5CD371DBC2FEBC1145BD3531 /* Components.swift in Sources */ = {isa = PBXBuildFile; fileRef = A9CCA85288C0F03D83B6E849 /* Components.swift */; };
		5FAC26F43AB60F085E47197D /* WebsiteResumeModels.swift in Sources */ = {isa = PBXBuildFile; fileRef = F16908F84C3F3319200322AA /* WebsiteResumeModels.swift */; };
		6F12A1DE05C27CAA1E1D470E /* ResumeEditorStore.swift in Sources */ = {isa = PBXBuildFile; fileRef = B17E2172FD66639E6EBD45C8 /* ResumeEditorStore.swift */; };
		8655EC7C78C8342B10575433 /* InterviewPracticeService.swift in Sources */ = {isa = PBXBuildFile; fileRef = D595DF3740E22D518CC9223D /* InterviewPracticeService.swift */; };
		8F51722849F00402BE7BD685 /* LiveInterviewSession.swift in Sources */ = {isa = PBXBuildFile; fileRef = 55E4D90CBBDDA3455B19F4AB /* LiveInterviewSession.swift */; };
		9515AEC4095DF3DC15E9BCE5 /* ResumeCoachSession.swift in Sources */ = {isa = PBXBuildFile; fileRef = FFE883E043168E874266C441 /* ResumeCoachSession.swift */; };
		9705E742F6E34800FBCC2C97 /* PracticeView.swift in Sources */ = {isa = PBXBuildFile; fileRef = A38A9756B87334CAB3C5DF2D /* PracticeView.swift */; };
		9A84F89F49905F76F3930E38 /* ResumeView.swift in Sources */ = {isa = PBXBuildFile; fileRef = 8B8DA6366335127529D7F7D5 /* ResumeView.swift */; };
		D3979EB6E318719BD9BAD69B /* GoogleSignInService.swift in Sources */ = {isa = PBXBuildFile; fileRef = 4CE44BF4BA7065BD66554BDB /* GoogleSignInService.swift */; };
		DA162C7F224C3630FBDF3812 /* AuthSessionStore.swift in Sources */ = {isa = PBXBuildFile; fileRef = 0D480C0EE7D91FF2773F2928 /* AuthSessionStore.swift */; };
		DD5AB2EC39F43A1A6312E917 /* GreenCardInterviewMVPApp.swift in Sources */ = {isa = PBXBuildFile; fileRef = C784FB212AABA58D057A0A77 /* GreenCardInterviewMVPApp.swift */; };
		DE4F2FE892312787056DA488 /* ResumePDFExport.swift in Sources */ = {isa = PBXBuildFile; fileRef = F743EB2855BC9498D0AC82AA /* ResumePDFExport.swift */; };
		EC93E87CA09B5C956FD9F4BE /* CVFirebaseAuth.swift in Sources */ = {isa = PBXBuildFile; fileRef = 8823DE1C580D458BC3DDFCAF /* CVFirebaseAuth.swift */; };
		F3D26F9441684C3B2272A5EC /* Models.swift in Sources */ = {isa = PBXBuildFile; fileRef = BDEB72FBD217E52B11826C10 /* Models.swift */; };
		F5C4A56F31F2A1E653A24E00 /* ResumeMapping.swift in Sources */ = {isa = PBXBuildFile; fileRef = 4421480B1A6231C2E0F09A10 /* ResumeMapping.swift */; };
		F8FE4270689523942B30DA25 /* CareerVividMobileMVPView.swift in Sources */ = {isa = PBXBuildFile; fileRef = A4A8BF4DBBD5A72D2CCB19BF /* CareerVividMobileMVPView.swift */; };
/* End PBXBuildFile section */

/* Begin PBXFileReference section */
		0D480C0EE7D91FF2773F2928 /* AuthSessionStore.swift */ = {isa = PBXFileReference; lastKnownFileType = sourcecode.swift; path = AuthSessionStore.swift; sourceTree = "<group>"; };
		144416473B4B415B39FE0B24 /* GreenCardInterviewMVP.app */ = {isa = PBXFileReference; includeInIndex = 0; lastKnownFileType = wrapper.application; path = GreenCardInterviewMVP.app; sourceTree = BUILT_PRODUCTS_DIR; };
		3204EADFED770E806F1699AB /* AuthView.swift */ = {isa = PBXFileReference; lastKnownFileType = sourcecode.swift; path = AuthView.swift; sourceTree = "<group>"; };
		415B6B13D3E267576D2BA7D3 /* CaptureView.swift */ = {isa = PBXFileReference; lastKnownFileType = sourcecode.swift; path = CaptureView.swift; sourceTree = "<group>"; };
		4421480B1A6231C2E0F09A10 /* ResumeMapping.swift */ = {isa = PBXFileReference; lastKnownFileType = sourcecode.swift; path = ResumeMapping.swift; sourceTree = "<group>"; };
		48478A45757A4B0F9FEF661A /* ResumeCoachView.swift */ = {isa = PBXFileReference; lastKnownFileType = sourcecode.swift; path = ResumeCoachView.swift; sourceTree = "<group>"; };
		4CE44BF4BA7065BD66554BDB /* GoogleSignInService.swift */ = {isa = PBXFileReference; lastKnownFileType = sourcecode.swift; path = GoogleSignInService.swift; sourceTree = "<group>"; };
		55E4D90CBBDDA3455B19F4AB /* LiveInterviewSession.swift */ = {isa = PBXFileReference; lastKnownFileType = sourcecode.swift; path = LiveInterviewSession.swift; sourceTree = "<group>"; };
		7C14601B07DFB62DBB010904 /* DesignTokens.swift */ = {isa = PBXFileReference; lastKnownFileType = sourcecode.swift; path = DesignTokens.swift; sourceTree = "<group>"; };
		8823DE1C580D458BC3DDFCAF /* CVFirebaseAuth.swift */ = {isa = PBXFileReference; lastKnownFileType = sourcecode.swift; path = CVFirebaseAuth.swift; sourceTree = "<group>"; };
		8B8DA6366335127529D7F7D5 /* ResumeView.swift */ = {isa = PBXFileReference; lastKnownFileType = sourcecode.swift; path = ResumeView.swift; sourceTree = "<group>"; };
		9879B8DDA02940F4308D1450 /* ResumeSyncService.swift */ = {isa = PBXFileReference; lastKnownFileType = sourcecode.swift; path = ResumeSyncService.swift; sourceTree = "<group>"; };
		A38A9756B87334CAB3C5DF2D /* PracticeView.swift */ = {isa = PBXFileReference; lastKnownFileType = sourcecode.swift; path = PracticeView.swift; sourceTree = "<group>"; };
		A4A8BF4DBBD5A72D2CCB19BF /* CareerVividMobileMVPView.swift */ = {isa = PBXFileReference; lastKnownFileType = sourcecode.swift; path = CareerVividMobileMVPView.swift; sourceTree = "<group>"; };
		A9CCA85288C0F03D83B6E849 /* Components.swift */ = {isa = PBXFileReference; lastKnownFileType = sourcecode.swift; path = Components.swift; sourceTree = "<group>"; };
		B17E2172FD66639E6EBD45C8 /* ResumeEditorStore.swift */ = {isa = PBXFileReference; lastKnownFileType = sourcecode.swift; path = ResumeEditorStore.swift; sourceTree = "<group>"; };
		BDEB72FBD217E52B11826C10 /* Models.swift */ = {isa = PBXFileReference; lastKnownFileType = sourcecode.swift; path = Models.swift; sourceTree = "<group>"; };
		C784FB212AABA58D057A0A77 /* GreenCardInterviewMVPApp.swift */ = {isa = PBXFileReference; lastKnownFileType = sourcecode.swift; path = GreenCardInterviewMVPApp.swift; sourceTree = "<group>"; };
		D260E8FD749C9FE63AC7B13E /* TodayView.swift */ = {isa = PBXFileReference; lastKnownFileType = sourcecode.swift; path = TodayView.swift; sourceTree = "<group>"; };
		D595DF3740E22D518CC9223D /* InterviewPracticeService.swift */ = {isa = PBXFileReference; lastKnownFileType = sourcecode.swift; path = InterviewPracticeService.swift; sourceTree = "<group>"; };
		EAE50404A67C672632FCCB22 /* Info.plist */ = {isa = PBXFileReference; lastKnownFileType = text.plist; path = Info.plist; sourceTree = "<group>"; };
		F16908F84C3F3319200322AA /* WebsiteResumeModels.swift */ = {isa = PBXFileReference; lastKnownFileType = sourcecode.swift; path = WebsiteResumeModels.swift; sourceTree = "<group>"; };
		F743EB2855BC9498D0AC82AA /* ResumePDFExport.swift */ = {isa = PBXFileReference; lastKnownFileType = sourcecode.swift; path = ResumePDFExport.swift; sourceTree = "<group>"; };
		FFE883E043168E874266C441 /* ResumeCoachSession.swift */ = {isa = PBXFileReference; lastKnownFileType = sourcecode.swift; path = ResumeCoachSession.swift; sourceTree = "<group>"; };
/* End PBXFileReference section */

/* Begin PBXGroup section */
		06C2000F9094A3CE0B01981F /* Products */ = {
			isa = PBXGroup;
			children = (
				144416473B4B415B39FE0B24 /* GreenCardInterviewMVP.app */,
			);
			name = Products;
			sourceTree = "<group>";
		};
		542EA6B79068751A8DF72F34 /* App */ = {
			isa = PBXGroup;
			children = (
				C784FB212AABA58D057A0A77 /* GreenCardInterviewMVPApp.swift */,
				EAE50404A67C672632FCCB22 /* Info.plist */,
			);
			path = App;
			sourceTree = "<group>";
		};
		730CEB321D0645D17BDCB7A7 /* GreenCardInterviewMVP */ = {
			isa = PBXGroup;
			children = (
				0D480C0EE7D91FF2773F2928 /* AuthSessionStore.swift */,
				3204EADFED770E806F1699AB /* AuthView.swift */,
				415B6B13D3E267576D2BA7D3 /* CaptureView.swift */,
				A4A8BF4DBBD5A72D2CCB19BF /* CareerVividMobileMVPView.swift */,
				A9CCA85288C0F03D83B6E849 /* Components.swift */,
				8823DE1C580D458BC3DDFCAF /* CVFirebaseAuth.swift */,
				7C14601B07DFB62DBB010904 /* DesignTokens.swift */,
				4CE44BF4BA7065BD66554BDB /* GoogleSignInService.swift */,
				D595DF3740E22D518CC9223D /* InterviewPracticeService.swift */,
				55E4D90CBBDDA3455B19F4AB /* LiveInterviewSession.swift */,
				BDEB72FBD217E52B11826C10 /* Models.swift */,
				A38A9756B87334CAB3C5DF2D /* PracticeView.swift */,
				FFE883E043168E874266C441 /* ResumeCoachSession.swift */,
				48478A45757A4B0F9FEF661A /* ResumeCoachView.swift */,
				B17E2172FD66639E6EBD45C8 /* ResumeEditorStore.swift */,
				4421480B1A6231C2E0F09A10 /* ResumeMapping.swift */,
				F743EB2855BC9498D0AC82AA /* ResumePDFExport.swift */,
				9879B8DDA02940F4308D1450 /* ResumeSyncService.swift */,
				8B8DA6366335127529D7F7D5 /* ResumeView.swift */,
				D260E8FD749C9FE63AC7B13E /* TodayView.swift */,
				F16908F84C3F3319200322AA /* WebsiteResumeModels.swift */,
			);
			name = GreenCardInterviewMVP;
			path = Sources/GreenCardInterviewMVP;
			sourceTree = "<group>";
		};
		860069CFFD757A2E711970CD = {
			isa = PBXGroup;
			children = (
				542EA6B79068751A8DF72F34 /* App */,
				730CEB321D0645D17BDCB7A7 /* GreenCardInterviewMVP */,
				06C2000F9094A3CE0B01981F /* Products */,
			);
			sourceTree = "<group>";
		};
/* End PBXGroup section */

/* Begin PBXNativeTarget section */
		407CD23B3043661C0ADADD2B /* GreenCardInterviewMVP */ = {
			isa = PBXNativeTarget;
			buildConfigurationList = 4B4D1C74F310E3B06EF20E61 /* Build configuration list for PBXNativeTarget "GreenCardInterviewMVP" */;
			buildPhases = (
				AB134D53B137E222A11009AA /* Sources */,
			);
			buildRules = (
			);
			dependencies = (
			);
			name = GreenCardInterviewMVP;
			packageProductDependencies = (
			);
			productName = GreenCardInterviewMVP;
			productReference = 144416473B4B415B39FE0B24 /* GreenCardInterviewMVP.app */;
			productType = "com.apple.product-type.application";
		};
/* End PBXNativeTarget section */

/* Begin PBXProject section */
		7B0D0CD15FC3B765008EC002 /* Project object */ = {
			isa = PBXProject;
			attributes = {
				BuildIndependentTargetsInParallel = YES;
				LastUpgradeCheck = 1430;
				TargetAttributes = {
				};
			};
			buildConfigurationList = B383AD85B30965E4D5FDB61E /* Build configuration list for PBXProject "GreenCardInterviewMVP" */;
			developmentRegion = en;
			hasScannedForEncodings = 0;
			knownRegions = (
				Base,
				en,
			);
			mainGroup = 860069CFFD757A2E711970CD;
			minimizedProjectReferenceProxies = 1;
			preferredProjectObjectVersion = 77;
			productRefGroup = 06C2000F9094A3CE0B01981F /* Products */;
			projectDirPath = "";
			projectRoot = "";
			targets = (
				407CD23B3043661C0ADADD2B /* GreenCardInterviewMVP */,
			);
		};
/* End PBXProject section */

/* Begin PBXSourcesBuildPhase section */
		AB134D53B137E222A11009AA /* Sources */ = {
			isa = PBXSourcesBuildPhase;
			buildActionMask = 2147483647;
			files = (
				DA162C7F224C3630FBDF3812 /* AuthSessionStore.swift in Sources */,
				3AEB27EEADDBFB590D061D19 /* AuthView.swift in Sources */,
				EC93E87CA09B5C956FD9F4BE /* CVFirebaseAuth.swift in Sources */,
				1F8E934C27111D0F1B6F45A0 /* CaptureView.swift in Sources */,
				F8FE4270689523942B30DA25 /* CareerVividMobileMVPView.swift in Sources */,
				5CD371DBC2FEBC1145BD3531 /* Components.swift in Sources */,
				04E8188EDFCF9B6EECF235AF /* DesignTokens.swift in Sources */,
				D3979EB6E318719BD9BAD69B /* GoogleSignInService.swift in Sources */,
				DD5AB2EC39F43A1A6312E917 /* GreenCardInterviewMVPApp.swift in Sources */,
				8655EC7C78C8342B10575433 /* InterviewPracticeService.swift in Sources */,
				8F51722849F00402BE7BD685 /* LiveInterviewSession.swift in Sources */,
				F3D26F9441684C3B2272A5EC /* Models.swift in Sources */,
				9705E742F6E34800FBCC2C97 /* PracticeView.swift in Sources */,
				9515AEC4095DF3DC15E9BCE5 /* ResumeCoachSession.swift in Sources */,
				07F7651DC63A0C9A3A36A7CC /* ResumeCoachView.swift in Sources */,
				6F12A1DE05C27CAA1E1D470E /* ResumeEditorStore.swift in Sources */,
				F5C4A56F31F2A1E653A24E00 /* ResumeMapping.swift in Sources */,
				DE4F2FE892312787056DA488 /* ResumePDFExport.swift in Sources */,
				0083EBB77B536E1DE1FE18F4 /* ResumeSyncService.swift in Sources */,
				9A84F89F49905F76F3930E38 /* ResumeView.swift in Sources */,
				3DBF2FB235AF9393DBB90259 /* TodayView.swift in Sources */,
				5FAC26F43AB60F085E47197D /* WebsiteResumeModels.swift in Sources */,
			);
			runOnlyForDeploymentPostprocessing = 0;
		};
/* End PBXSourcesBuildPhase section */

/* Begin XCBuildConfiguration section */
		0F08D81892D471EB76C4AD81 /* Debug */ = {
			isa = XCBuildConfiguration;
			buildSettings = {
				ALWAYS_SEARCH_USER_PATHS = NO;
				CLANG_ANALYZER_NONNULL = YES;
				CLANG_ANALYZER_NUMBER_OBJECT_CONVERSION = YES_AGGRESSIVE;
				CLANG_CXX_LANGUAGE_STANDARD = "gnu++14";
				CLANG_CXX_LIBRARY = "libc++";
				CLANG_ENABLE_MODULES = YES;
				CLANG_ENABLE_OBJC_ARC = YES;
				CLANG_ENABLE_OBJC_WEAK = YES;
				CLANG_WARN_BLOCK_CAPTURE_AUTORELEASING = YES;
				CLANG_WARN_BOOL_CONVERSION = YES;
				CLANG_WARN_COMMA = YES;
				CLANG_WARN_CONSTANT_CONVERSION = YES;
				CLANG_WARN_DEPRECATED_OBJC_IMPLEMENTATIONS = YES;
				CLANG_WARN_DIRECT_OBJC_ISA_USAGE = YES_ERROR;
				CLANG_WARN_DOCUMENTATION_COMMENTS = YES;
				CLANG_WARN_EMPTY_BODY = YES;
				CLANG_WARN_ENUM_CONVERSION = YES;
				CLANG_WARN_INFINITE_RECURSION = YES;
				CLANG_WARN_INT_CONVERSION = YES;
				CLANG_WARN_NON_LITERAL_NULL_CONVERSION = YES;
				CLANG_WARN_OBJC_IMPLICIT_RETAIN_SELF = YES;
				CLANG_WARN_OBJC_LITERAL_CONVERSION = YES;
				CLANG_WARN_OBJC_ROOT_CLASS = YES_ERROR;
				CLANG_WARN_QUOTED_INCLUDE_IN_FRAMEWORK_HEADER = YES;
				CLANG_WARN_RANGE_LOOP_ANALYSIS = YES;
				CLANG_WARN_STRICT_PROTOTYPES = YES;
				CLANG_WARN_SUSPICIOUS_MOVE = YES;
				CLANG_WARN_UNGUARDED_AVAILABILITY = YES_AGGRESSIVE;
				CLANG_WARN_UNREACHABLE_CODE = YES;
				CLANG_WARN__DUPLICATE_METHOD_MATCH = YES;
				COPY_PHASE_STRIP = NO;
				CURRENT_PROJECT_VERSION = 1;
				DEBUG_INFORMATION_FORMAT = dwarf;
				ENABLE_STRICT_OBJC_MSGSEND = YES;
				ENABLE_TESTABILITY = YES;
				GCC_C_LANGUAGE_STANDARD = gnu11;
				GCC_DYNAMIC_NO_PIC = NO;
				GCC_NO_COMMON_BLOCKS = YES;
				GCC_OPTIMIZATION_LEVEL = 0;
				GCC_PREPROCESSOR_DEFINITIONS = (
					"$(inherited)",
					"DEBUG=1",
				);
				GCC_WARN_64_TO_32_BIT_CONVERSION = YES;
				GCC_WARN_ABOUT_RETURN_TYPE = YES_ERROR;
				GCC_WARN_UNDECLARED_SELECTOR = YES;
				GCC_WARN_UNINITIALIZED_AUTOS = YES_AGGRESSIVE;
				GCC_WARN_UNUSED_FUNCTION = YES;
				GCC_WARN_UNUSED_VARIABLE = YES;
				IPHONEOS_DEPLOYMENT_TARGET = 17.0;
				MARKETING_VERSION = 0.1.0;
				MTL_ENABLE_DEBUG_INFO = INCLUDE_SOURCE;
				MTL_FAST_MATH = YES;
				ONLY_ACTIVE_ARCH = YES;
				PRODUCT_NAME = "$(TARGET_NAME)";
				SDKROOT = iphoneos;
				SWIFT_ACTIVE_COMPILATION_CONDITIONS = DEBUG;
				SWIFT_OPTIMIZATION_LEVEL = "-Onone";
				SWIFT_VERSION = 5.0;
			};
			name = Debug;
		};
		5FB2DFB81E332C469AB3CC82 /* Debug */ = {
			isa = XCBuildConfiguration;
			buildSettings = {
				ASSETCATALOG_COMPILER_APPICON_NAME = AppIcon;
				CODE_SIGN_IDENTITY = "iPhone Developer";
				GENERATE_INFOPLIST_FILE = YES;
				INFOPLIST_FILE = App/Info.plist;
				INFOPLIST_KEY_CFBundleDisplayName = "Green Card Interview";
				INFOPLIST_KEY_NSMicrophoneUsageDescription = "Green Card Interview uses the microphone to turn spoken resume notes into editable resume drafts.";
				INFOPLIST_KEY_NSSpeechRecognitionUsageDescription = "Green Card Interview uses speech recognition to show your resume coach answers in real time.";
				INFOPLIST_KEY_UILaunchScreen_Generation = YES;
				IPHONEOS_DEPLOYMENT_TARGET = 17.0;
				LD_RUNPATH_SEARCH_PATHS = (
					"$(inherited)",
					"@executable_path/Frameworks",
				);
				PRODUCT_BUNDLE_IDENTIFIER = app.greencardinterview.mvp;
				SDKROOT = iphoneos;
				TARGETED_DEVICE_FAMILY = 1;
			};
			name = Debug;
		};
		A1016C341729DC9EB0535291 /* Release */ = {
			isa = XCBuildConfiguration;
			buildSettings = {
				ALWAYS_SEARCH_USER_PATHS = NO;
				CLANG_ANALYZER_NONNULL = YES;
				CLANG_ANALYZER_NUMBER_OBJECT_CONVERSION = YES_AGGRESSIVE;
				CLANG_CXX_LANGUAGE_STANDARD = "gnu++14";
				CLANG_CXX_LIBRARY = "libc++";
				CLANG_ENABLE_MODULES = YES;
				CLANG_ENABLE_OBJC_ARC = YES;
				CLANG_ENABLE_OBJC_WEAK = YES;
				CLANG_WARN_BLOCK_CAPTURE_AUTORELEASING = YES;
				CLANG_WARN_BOOL_CONVERSION = YES;
				CLANG_WARN_COMMA = YES;
				CLANG_WARN_CONSTANT_CONVERSION = YES;
				CLANG_WARN_DEPRECATED_OBJC_IMPLEMENTATIONS = YES;
				CLANG_WARN_DIRECT_OBJC_ISA_USAGE = YES_ERROR;
				CLANG_WARN_DOCUMENTATION_COMMENTS = YES;
				CLANG_WARN_EMPTY_BODY = YES;
				CLANG_WARN_ENUM_CONVERSION = YES;
				CLANG_WARN_INFINITE_RECURSION = YES;
				CLANG_WARN_INT_CONVERSION = YES;
				CLANG_WARN_NON_LITERAL_NULL_CONVERSION = YES;
				CLANG_WARN_OBJC_IMPLICIT_RETAIN_SELF = YES;
				CLANG_WARN_OBJC_LITERAL_CONVERSION = YES;
				CLANG_WARN_OBJC_ROOT_CLASS = YES_ERROR;
				CLANG_WARN_QUOTED_INCLUDE_IN_FRAMEWORK_HEADER = YES;
				CLANG_WARN_RANGE_LOOP_ANALYSIS = YES;
				CLANG_WARN_STRICT_PROTOTYPES = YES;
				CLANG_WARN_SUSPICIOUS_MOVE = YES;
				CLANG_WARN_UNGUARDED_AVAILABILITY = YES_AGGRESSIVE;
				CLANG_WARN_UNREACHABLE_CODE = YES;
				CLANG_WARN__DUPLICATE_METHOD_MATCH = YES;
				COPY_PHASE_STRIP = NO;
				CURRENT_PROJECT_VERSION = 1;
				DEBUG_INFORMATION_FORMAT = "dwarf-with-dsym";
				ENABLE_NS_ASSERTIONS = NO;
				ENABLE_STRICT_OBJC_MSGSEND = YES;
				GCC_C_LANGUAGE_STANDARD = gnu11;
				GCC_NO_COMMON_BLOCKS = YES;
				GCC_WARN_64_TO_32_BIT_CONVERSION = YES;
				GCC_WARN_ABOUT_RETURN_TYPE = YES_ERROR;
				GCC_WARN_UNDECLARED_SELECTOR = YES;
				GCC_WARN_UNINITIALIZED_AUTOS = YES_AGGRESSIVE;
				GCC_WARN_UNUSED_FUNCTION = YES;
				GCC_WARN_UNUSED_VARIABLE = YES;
				IPHONEOS_DEPLOYMENT_TARGET = 17.0;
				MARKETING_VERSION = 0.1.0;
				MTL_ENABLE_DEBUG_INFO = NO;
				MTL_FAST_MATH = YES;
				PRODUCT_NAME = "$(TARGET_NAME)";
				SDKROOT = iphoneos;
				SWIFT_COMPILATION_MODE = wholemodule;
				SWIFT_OPTIMIZATION_LEVEL = "-O";
				SWIFT_VERSION = 5.0;
			};
			name = Release;
		};
		A5FD57CDB4FA644A29997C96 /* Release */ = {
			isa = XCBuildConfiguration;
			buildSettings = {
				ASSETCATALOG_COMPILER_APPICON_NAME = AppIcon;
				CODE_SIGN_IDENTITY = "iPhone Developer";
				GENERATE_INFOPLIST_FILE = YES;
				INFOPLIST_FILE = App/Info.plist;
				INFOPLIST_KEY_CFBundleDisplayName = "Green Card Interview";
				INFOPLIST_KEY_NSMicrophoneUsageDescription = "Green Card Interview uses the microphone to turn spoken resume notes into editable resume drafts.";
				INFOPLIST_KEY_NSSpeechRecognitionUsageDescription = "Green Card Interview uses speech recognition to show your resume coach answers in real time.";
				INFOPLIST_KEY_UILaunchScreen_Generation = YES;
				IPHONEOS_DEPLOYMENT_TARGET = 17.0;
				LD_RUNPATH_SEARCH_PATHS = (
					"$(inherited)",
					"@executable_path/Frameworks",
				);
				PRODUCT_BUNDLE_IDENTIFIER = app.greencardinterview.mvp;
				SDKROOT = iphoneos;
				TARGETED_DEVICE_FAMILY = 1;
			};
			name = Release;
		};
/* End XCBuildConfiguration section */

/* Begin XCConfigurationList section */
		4B4D1C74F310E3B06EF20E61 /* Build configuration list for PBXNativeTarget "GreenCardInterviewMVP" */ = {
			isa = XCConfigurationList;
			buildConfigurations = (
				5FB2DFB81E332C469AB3CC82 /* Debug */,
				A5FD57CDB4FA644A29997C96 /* Release */,
			);
			defaultConfigurationIsVisible = 0;
			defaultConfigurationName = Debug;
		};
		B383AD85B30965E4D5FDB61E /* Build configuration list for PBXProject "GreenCardInterviewMVP" */ = {
			isa = XCConfigurationList;
			buildConfigurations = (
				0F08D81892D471EB76C4AD81 /* Debug */,
				A1016C341729DC9EB0535291 /* Release */,
			);
			defaultConfigurationIsVisible = 0;
			defaultConfigurationName = Debug;
		};
/* End XCConfigurationList section */
	};
	rootObject = 7B0D0CD15FC3B765008EC002 /* Project object */;
}
